// !$*UTF8*$!
{
	archiveVersion = 1;
	classes = {
	};
	objectVersion = 46;
	objects = {

/* Begin PBXBuildFile section */
		EB4D71A7195B906300BB774D /* Spotify.framework in Frameworks */ = {isa = PBXBuildFile; fileRef = EB4D71A6195B906300BB774D /* Spotify.framework */; };
		EB82E94E195CCD3A004D18DC /* AudioController.m in Sources */ = {isa = PBXBuildFile; fileRef = EB82E94D195CCD3A004D18DC /* AudioController.m */; };
		EB82E953195CE829004D18DC /* pausebutton@2x.png in Resources */ = {isa = PBXBuildFile; fileRef = EB82E951195CE829004D18DC /* pausebutton@2x.png */; };
		EB82E954195CE829004D18DC /* playbutton@2x.png in Resources */ = {isa = PBXBuildFile; fileRef = EB82E952195CE829004D18DC /* playbutton@2x.png */; };
		EBA944ED1958EB0E00F8B254 /* Foundation.framework in Frameworks */ = {isa = PBXBuildFile; fileRef = EBA944EC1958EB0E00F8B254 /* Foundation.framework */; };
		EBA944EF1958EB0E00F8B254 /* CoreGraphics.framework in Frameworks */ = {isa = PBXBuildFile; fileRef = EBA944EE1958EB0E00F8B254 /* CoreGraphics.framework */; };
		EBA944F11958EB0E00F8B254 /* UIKit.framework in Frameworks */ = {isa = PBXBuildFile; fileRef = EBA944F01958EB0E00F8B254 /* UIKit.framework */; };
		EBA944F71958EB0E00F8B254 /* InfoPlist.strings in Resources */ = {isa = PBXBuildFile; fileRef = EBA944F51958EB0E00F8B254 /* InfoPlist.strings */; };
		EBA944F91958EB0E00F8B254 /* main.m in Sources */ = {isa = PBXBuildFile; fileRef = EBA944F81958EB0E00F8B254 /* main.m */; };
		EBA944FD1958EB0E00F8B254 /* AppDelegate.m in Sources */ = {isa = PBXBuildFile; fileRef = EBA944FC1958EB0E00F8B254 /* AppDelegate.m */; };
		EBA945001958EB0E00F8B254 /* Main.storyboard in Resources */ = {isa = PBXBuildFile; fileRef = EBA944FE1958EB0E00F8B254 /* Main.storyboard */; };
		EBA945031958EB0E00F8B254 /* ViewController.m in Sources */ = {isa = PBXBuildFile; fileRef = EBA945021958EB0E00F8B254 /* ViewController.m */; };
		EBA945051958EB0E00F8B254 /* Images.xcassets in Resources */ = {isa = PBXBuildFile; fileRef = EBA945041958EB0E00F8B254 /* Images.xcassets */; };
		EBA9450C1958EB0E00F8B254 /* XCTest.framework in Frameworks */ = {isa = PBXBuildFile; fileRef = EBA9450B1958EB0E00F8B254 /* XCTest.framework */; };
		EBA9450D1958EB0E00F8B254 /* Foundation.framework in Frameworks */ = {isa = PBXBuildFile; fileRef = EBA944EC1958EB0E00F8B254 /* Foundation.framework */; };
		EBA9450E1958EB0E00F8B254 /* UIKit.framework in Frameworks */ = {isa = PBXBuildFile; fileRef = EBA944F01958EB0E00F8B254 /* UIKit.framework */; };
		EBA945161958EB0E00F8B254 /* InfoPlist.strings in Resources */ = {isa = PBXBuildFile; fileRef = EBA945141958EB0E00F8B254 /* InfoPlist.strings */; };
		EBA945181958EB0E00F8B254 /* CrowdifyTests.m in Sources */ = {isa = PBXBuildFile; fileRef = EBA945171958EB0E00F8B254 /* CrowdifyTests.m */; };
		EBA945221958ED8400F8B254 /* Proxima.otf in Resources */ = {isa = PBXBuildFile; fileRef = EBA945211958ED8400F8B254 /* Proxima.otf */; };
		EBA945241958F0AB00F8B254 /* buttonbackground@2x.png in Resources */ = {isa = PBXBuildFile; fileRef = EBA945231958F0AB00F8B254 /* buttonbackground@2x.png */; };
		EBC4AD6F195B44BF00E7017F /* SpotifyButton.m in Sources */ = {isa = PBXBuildFile; fileRef = EBC4AD6E195B44BF00E7017F /* SpotifyButton.m */; };
		EBF71E54195B49290048DE07 /* AVFoundation.framework in Frameworks */ = {isa = PBXBuildFile; fileRef = EBF71E53195B49290048DE07 /* AVFoundation.framework */; };
		EBF71E56195B49A60048DE07 /* Spotify.framework in Frameworks */ = {isa = PBXBuildFile; fileRef = EBF71E55195B49A60048DE07 /* Spotify.framework */; };
		EBF71E59195B51A90048DE07 /* InterfaceText.m in Sources */ = {isa = PBXBuildFile; fileRef = EBF71E58195B51A90048DE07 /* InterfaceText.m */; };
/* End PBXBuildFile section */

/* Begin PBXContainerItemProxy section */
		EBA9450F1958EB0E00F8B254 /* PBXContainerItemProxy */ = {
			isa = PBXContainerItemProxy;
			containerPortal = EBA944E11958EB0E00F8B254 /* Project object */;
			proxyType = 1;
			remoteGlobalIDString = EBA944E81958EB0E00F8B254;
			remoteInfo = Crowdify;
		};
/* End PBXContainerItemProxy section */

/* Begin PBXFileReference section */
		EB4D71A6195B906300BB774D /* Spotify.framework */ = {isa = PBXFileReference; lastKnownFileType = wrapper.framework; path = Spotify.framework; sourceTree = "<group>"; };
		EB82E94C195CCD3A004D18DC /* AudioController.h */ = {isa = PBXFileReference; fileEncoding = 4; lastKnownFileType = sourcecode.c.h; path = AudioController.h; sourceTree = "<group>"; };
		EB82E94D195CCD3A004D18DC /* AudioController.m */ = {isa = PBXFileReference; fileEncoding = 4; lastKnownFileType = sourcecode.c.objc; path = AudioController.m; sourceTree = "<group>"; };
		EB82E951195CE829004D18DC /* pausebutton@2x.png */ = {isa = PBXFileReference; lastKnownFileType = image.png; path = "pausebutton@2x.png"; sourceTree = "<group>"; };
		EB82E952195CE829004D18DC /* playbutton@2x.png */ = {isa = PBXFileReference; lastKnownFileType = image.png; path = "playbutton@2x.png"; sourceTree = "<group>"; };
		EBA944E91958EB0E00F8B254 /* Crowdify.app */ = {isa = PBXFileReference; explicitFileType = wrapper.application; includeInIndex = 0; path = Crowdify.app; sourceTree = BUILT_PRODUCTS_DIR; };
		EBA944EC1958EB0E00F8B254 /* Foundation.framework */ = {isa = PBXFileReference; lastKnownFileType = wrapper.framework; name = Foundation.framework; path = System/Library/Frameworks/Foundation.framework; sourceTree = SDKROOT; };
		EBA944EE1958EB0E00F8B254 /* CoreGraphics.framework */ = {isa = PBXFileReference; lastKnownFileType = wrapper.framework; name = CoreGraphics.framework; path = System/Library/Frameworks/CoreGraphics.framework; sourceTree = SDKROOT; };
		EBA944F01958EB0E00F8B254 /* UIKit.framework */ = {isa = PBXFileReference; lastKnownFileType = wrapper.framework; name = UIKit.framework; path = System/Library/Frameworks/UIKit.framework; sourceTree = SDKROOT; };
		EBA944F41958EB0E00F8B254 /* Crowdify-Info.plist */ = {isa = PBXFileReference; lastKnownFileType = text.plist.xml; path = "Crowdify-Info.plist"; sourceTree = "<group>"; };
		EBA944F61958EB0E00F8B254 /* en */ = {isa = PBXFileReference; lastKnownFileType = text.plist.strings; name = en; path = en.lproj/InfoPlist.strings; sourceTree = "<group>"; };
		EBA944F81958EB0E00F8B254 /* main.m */ = {isa = PBXFileReference; lastKnownFileType = sourcecode.c.objc; path = main.m; sourceTree = "<group>"; };
		EBA944FA1958EB0E00F8B254 /* Crowdify-Prefix.pch */ = {isa = PBXFileReference; lastKnownFileType = sourcecode.c.h; path = "Crowdify-Prefix.pch"; sourceTree = "<group>"; };
		EBA944FB1958EB0E00F8B254 /* AppDelegate.h */ = {isa = PBXFileReference; lastKnownFileType = sourcecode.c.h; path = AppDelegate.h; sourceTree = "<group>"; };
		EBA944FC1958EB0E00F8B254 /* AppDelegate.m */ = {isa = PBXFileReference; lastKnownFileType = sourcecode.c.objc; path = AppDelegate.m; sourceTree = "<group>"; };
		EBA944FF1958EB0E00F8B254 /* Base */ = {isa = PBXFileReference; lastKnownFileType = file.storyboard; name = Base; path = Base.lproj/Main.storyboard; sourceTree = "<group>"; };
		EBA945011958EB0E00F8B254 /* ViewController.h */ = {isa = PBXFileReference; lastKnownFileType = sourcecode.c.h; path = ViewController.h; sourceTree = "<group>"; };
		EBA945021958EB0E00F8B254 /* ViewController.m */ = {isa = PBXFileReference; lastKnownFileType = sourcecode.c.objc; path = ViewController.m; sourceTree = "<group>"; };
		EBA945041958EB0E00F8B254 /* Images.xcassets */ = {isa = PBXFileReference; lastKnownFileType = folder.assetcatalog; path = Images.xcassets; sourceTree = "<group>"; };
		EBA9450A1958EB0E00F8B254 /* CrowdifyTests.xctest */ = {isa = PBXFileReference; explicitFileType = wrapper.cfbundle; includeInIndex = 0; path = CrowdifyTests.xctest; sourceTree = BUILT_PRODUCTS_DIR; };
		EBA9450B1958EB0E00F8B254 /* XCTest.framework */ = {isa = PBXFileReference; lastKnownFileType = wrapper.framework; name = XCTest.framework; path = Library/Frameworks/XCTest.framework; sourceTree = DEVELOPER_DIR; };
		EBA945131958EB0E00F8B254 /* CrowdifyTests-Info.plist */ = {isa = PBXFileReference; lastKnownFileType = text.plist.xml; path = "CrowdifyTests-Info.plist"; sourceTree = "<group>"; };
		EBA945151958EB0E00F8B254 /* en */ = {isa = PBXFileReference; lastKnownFileType = text.plist.strings; name = en; path = en.lproj/InfoPlist.strings; sourceTree = "<group>"; };
		EBA945171958EB0E00F8B254 /* CrowdifyTests.m */ = {isa = PBXFileReference; lastKnownFileType = sourcecode.c.objc; path = CrowdifyTests.m; sourceTree = "<group>"; };
		EBA945211958ED8400F8B254 /* Proxima.otf */ = {isa = PBXFileReference; lastKnownFileType = file; path = Proxima.otf; sourceTree = "<group>"; };
		EBA945231958F0AB00F8B254 /* buttonbackground@2x.png */ = {isa = PBXFileReference; lastKnownFileType = image.png; path = "buttonbackground@2x.png"; sourceTree = "<group>"; };
		EBC4AD6D195B44BF00E7017F /* SpotifyButton.h */ = {isa = PBXFileReference; fileEncoding = 4; lastKnownFileType = sourcecode.c.h; path = SpotifyButton.h; sourceTree = "<group>"; };
		EBC4AD6E195B44BF00E7017F /* SpotifyButton.m */ = {isa = PBXFileReference; fileEncoding = 4; lastKnownFileType = sourcecode.c.objc; path = SpotifyButton.m; sourceTree = "<group>"; };
		EBF71E53195B49290048DE07 /* AVFoundation.framework */ = {isa = PBXFileReference; lastKnownFileType = wrapper.framework; name = AVFoundation.framework; path = System/Library/Frameworks/AVFoundation.framework; sourceTree = SDKROOT; };
		EBF71E55195B49A60048DE07 /* Spotify.framework */ = {isa = PBXFileReference; lastKnownFileType = wrapper.framework; name = Spotify.framework; path = "../../ios-sdk-master/Spotify.framework"; sourceTree = "<group>"; };
		EBF71E57195B51A90048DE07 /* InterfaceText.h */ = {isa = PBXFileReference; fileEncoding = 4; lastKnownFileType = sourcecode.c.h; path = InterfaceText.h; sourceTree = "<group>"; };
		EBF71E58195B51A90048DE07 /* InterfaceText.m */ = {isa = PBXFileReference; fileEncoding = 4; lastKnownFileType = sourcecode.c.objc; path = InterfaceText.m; sourceTree = "<group>"; };
/* End PBXFileReference section */

/* Begin PBXFrameworksBuildPhase section */
		EBA944E61958EB0E00F8B254 /* Frameworks */ = {
			isa = PBXFrameworksBuildPhase;
			buildActionMask = 2147483647;
			files = (
				EB4D71A7195B906300BB774D /* Spotify.framework in Frameworks */,
				EBF71E56195B49A60048DE07 /* Spotify.framework in Frameworks */,
				EBF71E54195B49290048DE07 /* AVFoundation.framework in Frameworks */,
				EBA944EF1958EB0E00F8B254 /* CoreGraphics.framework in Frameworks */,
				EBA944F11958EB0E00F8B254 /* UIKit.framework in Frameworks */,
				EBA944ED1958EB0E00F8B254 /* Foundation.framework in Frameworks */,
			);
			runOnlyForDeploymentPostprocessing = 0;
		};
		EBA945071958EB0E00F8B254 /* Frameworks */ = {
			isa = PBXFrameworksBuildPhase;
			buildActionMask = 2147483647;
			files = (
				EBA9450C1958EB0E00F8B254 /* XCTest.framework in Frameworks */,
				EBA9450E1958EB0E00F8B254 /* UIKit.framework in Frameworks */,
				EBA9450D1958EB0E00F8B254 /* Foundation.framework in Frameworks */,
			);
			runOnlyForDeploymentPostprocessing = 0;
		};
/* End PBXFrameworksBuildPhase section */

/* Begin PBXGroup section */
		EBA944E01958EB0E00F8B254 = {
			isa = PBXGroup;
			children = (
				EBA944F21958EB0E00F8B254 /* Crowdify */,
				EBA945111958EB0E00F8B254 /* CrowdifyTests */,
				EBA944EB1958EB0E00F8B254 /* Frameworks */,
				EBA944EA1958EB0E00F8B254 /* Products */,
			);
			sourceTree = "<group>";
		};
		EBA944EA1958EB0E00F8B254 /* Products */ = {
			isa = PBXGroup;
			children = (
				EBA944E91958EB0E00F8B254 /* Crowdify.app */,
				EBA9450A1958EB0E00F8B254 /* CrowdifyTests.xctest */,
			);
			name = Products;
			sourceTree = "<group>";
		};
		EBA944EB1958EB0E00F8B254 /* Frameworks */ = {
			isa = PBXGroup;
			children = (
				EB4D71A6195B906300BB774D /* Spotify.framework */,
				EBF71E55195B49A60048DE07 /* Spotify.framework */,
				EBF71E53195B49290048DE07 /* AVFoundation.framework */,
				EBA944EC1958EB0E00F8B254 /* Foundation.framework */,
				EBA944EE1958EB0E00F8B254 /* CoreGraphics.framework */,
				EBA944F01958EB0E00F8B254 /* UIKit.framework */,
				EBA9450B1958EB0E00F8B254 /* XCTest.framework */,
			);
			name = Frameworks;
			sourceTree = "<group>";
		};
		EBA944F21958EB0E00F8B254 /* Crowdify */ = {
			isa = PBXGroup;
			children = (
				EBA944FB1958EB0E00F8B254 /* AppDelegate.h */,
				EBA944FC1958EB0E00F8B254 /* AppDelegate.m */,
				EBA945011958EB0E00F8B254 /* ViewController.h */,
				EBA945021958EB0E00F8B254 /* ViewController.m */,
				EBF71E5A195B57280048DE07 /* Interface Files */,
				EBA944F31958EB0E00F8B254 /* Supporting Files */,
			);
			path = Crowdify;
			sourceTree = "<group>";
		};
		EBA944F31958EB0E00F8B254 /* Supporting Files */ = {
			isa = PBXGroup;
			children = (
				EBA944F41958EB0E00F8B254 /* Crowdify-Info.plist */,
				EBA944F51958EB0E00F8B254 /* InfoPlist.strings */,
				EBA945211958ED8400F8B254 /* Proxima.otf */,
				EBA944F81958EB0E00F8B254 /* main.m */,
				EBA944FA1958EB0E00F8B254 /* Crowdify-Prefix.pch */,
			);
			name = "Supporting Files";
			sourceTree = "<group>";
		};
		EBA945111958EB0E00F8B254 /* CrowdifyTests */ = {
			isa = PBXGroup;
			children = (
				EBA945171958EB0E00F8B254 /* CrowdifyTests.m */,
				EBA945121958EB0E00F8B254 /* Supporting Files */,
			);
			path = CrowdifyTests;
			sourceTree = "<group>";
		};
		EBA945121958EB0E00F8B254 /* Supporting Files */ = {
			isa = PBXGroup;
			children = (
				EBA945131958EB0E00F8B254 /* CrowdifyTests-Info.plist */,
				EBA945141958EB0E00F8B254 /* InfoPlist.strings */,
			);
			name = "Supporting Files";
			sourceTree = "<group>";
		};
		EBF71E5A195B57280048DE07 /* Interface Files */ = {
			isa = PBXGroup;
			children = (
				EBF71E5B195B57360048DE07 /* Images */,
				EBF71E57195B51A90048DE07 /* InterfaceText.h */,
				EBF71E58195B51A90048DE07 /* InterfaceText.m */,
				EB82E94C195CCD3A004D18DC /* AudioController.h */,
				EB82E94D195CCD3A004D18DC /* AudioController.m */,
				EBC4AD6D195B44BF00E7017F /* SpotifyButton.h */,
				EBC4AD6E195B44BF00E7017F /* SpotifyButton.m */,
				EBA944FE1958EB0E00F8B254 /* Main.storyboard */,
			);
			name = "Interface Files";
			sourceTree = "<group>";
		};
		EBF71E5B195B57360048DE07 /* Images */ = {
			isa = PBXGroup;
			children = (
				EBA945041958EB0E00F8B254 /* Images.xcassets */,
				EBA945231958F0AB00F8B254 /* buttonbackground@2x.png */,
				EB82E951195CE829004D18DC /* pausebutton@2x.png */,
				EB82E952195CE829004D18DC /* playbutton@2x.png */,
			);
			name = Images;
			sourceTree = "<group>";
		};
/* End PBXGroup section */

/* Begin PBXNativeTarget section */
		EBA944E81958EB0E00F8B254 /* Crowdify */ = {
			isa = PBXNativeTarget;
			buildConfigurationList = EBA9451B1958EB0E00F8B254 /* Build configuration list for PBXNativeTarget "Crowdify" */;
			buildPhases = (
				EBA944E51958EB0E00F8B254 /* Sources */,
				EBA944E61958EB0E00F8B254 /* Frameworks */,
				EBA944E71958EB0E00F8B254 /* Resources */,
			);
			buildRules = (
			);
			dependencies = (
			);
			name = Crowdify;
			productName = Crowdify;
			productReference = EBA944E91958EB0E00F8B254 /* Crowdify.app */;
			productType = "com.apple.product-type.application";
		};
		EBA945091958EB0E00F8B254 /* CrowdifyTests */ = {
			isa = PBXNativeTarget;
			buildConfigurationList = EBA9451E1958EB0E00F8B254 /* Build configuration list for PBXNativeTarget "CrowdifyTests" */;
			buildPhases = (
				EBA945061958EB0E00F8B254 /* Sources */,
				EBA945071958EB0E00F8B254 /* Frameworks */,
				EBA945081958EB0E00F8B254 /* Resources */,
			);
			buildRules = (
			);
			dependencies = (
				EBA945101958EB0E00F8B254 /* PBXTargetDependency */,
			);
			name = CrowdifyTests;
			productName = CrowdifyTests;
			productReference = EBA9450A1958EB0E00F8B254 /* CrowdifyTests.xctest */;
			productType = "com.apple.product-type.bundle.unit-test";
		};
/* End PBXNativeTarget section */

/* Begin PBXProject section */
		EBA944E11958EB0E00F8B254 /* Project object */ = {
			isa = PBXProject;
			attributes = {
				LastUpgradeCheck = 0510;
				ORGANIZATIONNAME = "Sony Theakanath";
				TargetAttributes = {
					EBA945091958EB0E00F8B254 = {
						TestTargetID = EBA944E81958EB0E00F8B254;
					};
				};
			};
			buildConfigurationList = EBA944E41958EB0E00F8B254 /* Build configuration list for PBXProject "Crowdify" */;
			compatibilityVersion = "Xcode 3.2";
			developmentRegion = English;
			hasScannedForEncodings = 0;
			knownRegions = (
				en,
				Base,
			);
			mainGroup = EBA944E01958EB0E00F8B254;
			productRefGroup = EBA944EA1958EB0E00F8B254 /* Products */;
			projectDirPath = "";
			projectRoot = "";
			targets = (
				EBA944E81958EB0E00F8B254 /* Crowdify */,
				EBA945091958EB0E00F8B254 /* CrowdifyTests */,
			);
		};
/* End PBXProject section */

/* Begin PBXResourcesBuildPhase section */
		EBA944E71958EB0E00F8B254 /* Resources */ = {
			isa = PBXResourcesBuildPhase;
			buildActionMask = 2147483647;
			files = (
				EBA945051958EB0E00F8B254 /* Images.xcassets in Resources */,
				EB82E953195CE829004D18DC /* pausebutton@2x.png in Resources */,
				EBA944F71958EB0E00F8B254 /* InfoPlist.strings in Resources */,
				EBA945221958ED8400F8B254 /* Proxima.otf in Resources */,
				EBA945001958EB0E00F8B254 /* Main.storyboard in Resources */,
				EB82E954195CE829004D18DC /* playbutton@2x.png in Resources */,
				EBA945241958F0AB00F8B254 /* buttonbackground@2x.png in Resources */,
			);
			runOnlyForDeploymentPostprocessing = 0;
		};
		EBA945081958EB0E00F8B254 /* Resources */ = {
			isa = PBXResourcesBuildPhase;
			buildActionMask = 2147483647;
			files = (
				EBA945161958EB0E00F8B254 /* InfoPlist.strings in Resources */,
			);
			runOnlyForDeploymentPostprocessing = 0;
		};
/* End PBXResourcesBuildPhase section */

/* Begin PBXSourcesBuildPhase section */
		EBA944E51958EB0E00F8B254 /* Sources */ = {
			isa = PBXSourcesBuildPhase;
			buildActionMask = 2147483647;
			files = (
				EB82E94E195CCD3A004D18DC /* AudioController.m in Sources */,
				EBC4AD6F195B44BF00E7017F /* SpotifyButton.m in Sources */,
				EBF71E59195B51A90048DE07 /* InterfaceText.m in Sources */,
				EBA945031958EB0E00F8B254 /* ViewController.m in Sources */,
				EBA944FD1958EB0E00F8B254 /* AppDelegate.m in Sources */,
				EBA944F91958EB0E00F8B254 /* main.m in Sources */,
			);
			runOnlyForDeploymentPostprocessing = 0;
		};
		EBA945061958EB0E00F8B254 /* Sources */ = {
			isa = PBXSourcesBuildPhase;
			buildActionMask = 2147483647;
			files = (
				EBA945181958EB0E00F8B254 /* CrowdifyTests.m in Sources */,
			);
			runOnlyForDeploymentPostprocessing = 0;
		};
/* End PBXSourcesBuildPhase section */

/* Begin PBXTargetDependency section */
		EBA945101958EB0E00F8B254 /* PBXTargetDependency */ = {
			isa = PBXTargetDependency;
			target = EBA944E81958EB0E00F8B254 /* Crowdify */;
			targetProxy = EBA9450F1958EB0E00F8B254 /* PBXContainerItemProxy */;
		};
/* End PBXTargetDependency section */

/* Begin PBXVariantGroup section */
		EBA944F51958EB0E00F8B254 /* InfoPlist.strings */ = {
			isa = PBXVariantGroup;
			children = (
				EBA944F61958EB0E00F8B254 /* en */,
			);
			name = InfoPlist.strings;
			sourceTree = "<group>";
		};
		EBA944FE1958EB0E00F8B254 /* Main.storyboard */ = {
			isa = PBXVariantGroup;
			children = (
				EBA944FF1958EB0E00F8B254 /* Base */,
			);
			name = Main.storyboard;
			sourceTree = "<group>";
		};
		EBA945141958EB0E00F8B254 /* InfoPlist.strings */ = {
			isa = PBXVariantGroup;
			children = (
				EBA945151958EB0E00F8B254 /* en */,
			);
			name = InfoPlist.strings;
			sourceTree = "<group>";
		};
/* End PBXVariantGroup section */

/* Begin XCBuildConfiguration section */
		EBA945191958EB0E00F8B254 /* Debug */ = {
			isa = XCBuildConfiguration;
			buildSettings = {
				ALWAYS_SEARCH_USER_PATHS = NO;
				CLANG_CXX_LANGUAGE_STANDARD = "gnu++0x";
				CLANG_CXX_LIBRARY = "libc++";
				CLANG_ENABLE_MODULES = YES;
				CLANG_ENABLE_OBJC_ARC = YES;
				CLANG_WARN_BOOL_CONVERSION = YES;
				CLANG_WARN_CONSTANT_CONVERSION = YES;
				CLANG_WARN_DIRECT_OBJC_ISA_USAGE = YES_ERROR;
				CLANG_WARN_EMPTY_BODY = YES;
				CLANG_WARN_ENUM_CONVERSION = YES;
				CLANG_WARN_INT_CONVERSION = YES;
				CLANG_WARN_OBJC_ROOT_CLASS = YES_ERROR;
				CLANG_WARN__DUPLICATE_METHOD_MATCH = YES;
				"CODE_SIGN_IDENTITY[sdk=iphoneos*]" = "iPhone Developer";
				COPY_PHASE_STRIP = NO;
				GCC_C_LANGUAGE_STANDARD = gnu99;
				GCC_DYNAMIC_NO_PIC = NO;
				GCC_OPTIMIZATION_LEVEL = 0;
				GCC_PREPROCESSOR_DEFINITIONS = (
					"DEBUG=1",
					"$(inherited)",
				);
				GCC_SYMBOLS_PRIVATE_EXTERN = NO;
				GCC_WARN_64_TO_32_BIT_CONVERSION = YES;
				GCC_WARN_ABOUT_RETURN_TYPE = YES_ERROR;
				GCC_WARN_UNDECLARED_SELECTOR = YES;
				GCC_WARN_UNINITIALIZED_AUTOS = YES_AGGRESSIVE;
				GCC_WARN_UNUSED_FUNCTION = YES;
				GCC_WARN_UNUSED_VARIABLE = YES;
				IPHONEOS_DEPLOYMENT_TARGET = 7.1;
				ONLY_ACTIVE_ARCH = YES;
				SDKROOT = iphoneos;
			};
			name = Debug;
		};
		EBA9451A1958EB0E00F8B254 /* Release */ = {
			isa = XCBuildConfiguration;
			buildSettings = {
				ALWAYS_SEARCH_USER_PATHS = NO;
				CLANG_CXX_LANGUAGE_STANDARD = "gnu++0x";
				CLANG_CXX_LIBRARY = "libc++";
				CLANG_ENABLE_MODULES = YES;
				CLANG_ENABLE_OBJC_ARC = YES;
				CLANG_WARN_BOOL_CONVERSION = YES;
				CLANG_WARN_CONSTANT_CONVERSION = YES;
				CLANG_WARN_DIRECT_OBJC_ISA_USAGE = YES_ERROR;
				CLANG_WARN_EMPTY_BODY = YES;
				CLANG_WARN_ENUM_CONVERSION = YES;
				CLANG_WARN_INT_CONVERSION = YES;
				CLANG_WARN_OBJC_ROOT_CLASS = YES_ERROR;
				CLANG_WARN__DUPLICATE_METHOD_MATCH = YES;
				"CODE_SIGN_IDENTITY[sdk=iphoneos*]" = "iPhone Developer";
				COPY_PHASE_STRIP = YES;
				ENABLE_NS_ASSERTIONS = NO;
				GCC_C_LANGUAGE_STANDARD = gnu99;
				GCC_WARN_64_TO_32_BIT_CONVERSION = YES;
				GCC_WARN_ABOUT_RETURN_TYPE = YES_ERROR;
				GCC_WARN_UNDECLARED_SELECTOR = YES;
				GCC_WARN_UNINITIALIZED_AUTOS = YES_AGGRESSIVE;
				GCC_WARN_UNUSED_FUNCTION = YES;
				GCC_WARN_UNUSED_VARIABLE = YES;
				IPHONEOS_DEPLOYMENT_TARGET = 7.1;
				SDKROOT = iphoneos;
				VALIDATE_PRODUCT = YES;
			};
			name = Release;
		};
		EBA9451C1958EB0E00F8B254 /* Debug */ = {
			isa = XCBuildConfiguration;
			buildSettings = {
				ASSETCATALOG_COMPILER_APPICON_NAME = AppIcon;
				ASSETCATALOG_COMPILER_LAUNCHIMAGE_NAME = LaunchImage;
				FRAMEWORK_SEARCH_PATHS = (
					"$(inherited)",
					/Users/Sony/Dropbox/Internship,
					Files/Stanford,
					Mobisocial,
					"Lab/ios-sdk-master",
					"$(PROJECT_DIR)",
				);
				GCC_PRECOMPILE_PREFIX_HEADER = YES;
				GCC_PREFIX_HEADER = "Crowdify/Crowdify-Prefix.pch";
				INFOPLIST_FILE = "Crowdify/Crowdify-Info.plist";
				IPHONEOS_DEPLOYMENT_TARGET = 6.1;
				OTHER_LDFLAGS = "-ObjC";
				PRODUCT_NAME = "$(TARGET_NAME)";
				WRAPPER_EXTENSION = app;
			};
			name = Debug;
		};
		EBA9451D1958EB0E00F8B254 /* Release */ = {
			isa = XCBuildConfiguration;
			buildSettings = {
				ASSETCATALOG_COMPILER_APPICON_NAME = AppIcon;
				ASSETCATALOG_COMPILER_LAUNCHIMAGE_NAME = LaunchImage;
				FRAMEWORK_SEARCH_PATHS = (
					"$(inherited)",
					/Users/Sony/Dropbox/Internship,
					Files/Stanford,
					Mobisocial,
					"Lab/ios-sdk-master",
					"$(PROJECT_DIR)",
				);
				GCC_PRECOMPILE_PREFIX_HEADER = YES;
				GCC_PREFIX_HEADER = "Crowdify/Crowdify-Prefix.pch";
				INFOPLIST_FILE = "Crowdify/Crowdify-Info.plist";
				IPHONEOS_DEPLOYMENT_TARGET = 6.1;
				OTHER_LDFLAGS = "-ObjC";
				PRODUCT_NAME = "$(TARGET_NAME)";
				WRAPPER_EXTENSION = app;
			};
			name = Release;
		};
		EBA9451F1958EB0E00F8B254 /* Debug */ = {
			isa = XCBuildConfiguration;
			buildSettings = {
				BUNDLE_LOADER = "$(BUILT_PRODUCTS_DIR)/Crowdify.app/Crowdify";
				FRAMEWORK_SEARCH_PATHS = (
					"$(SDKROOT)/Developer/Library/Frameworks",
					"$(inherited)",
					"$(DEVELOPER_FRAMEWORKS_DIR)",
				);
				GCC_PRECOMPILE_PREFIX_HEADER = YES;
				GCC_PREFIX_HEADER = "Crowdify/Crowdify-Prefix.pch";
				GCC_PREPROCESSOR_DEFINITIONS = (
					"DEBUG=1",
					"$(inherited)",
				);
				INFOPLIST_FILE = "CrowdifyTests/CrowdifyTests-Info.plist";
				PRODUCT_NAME = "$(TARGET_NAME)";
				TEST_HOST = "$(BUNDLE_LOADER)";
				WRAPPER_EXTENSION = xctest;
			};
			name = Debug;
		};
		EBA945201958EB0E00F8B254 /* Release */ = {
			isa = XCBuildConfiguration;
			buildSettings = {
				BUNDLE_LOADER = "$(BUILT_PRODUCTS_DIR)/Crowdify.app/Crowdify";
				FRAMEWORK_SEARCH_PATHS = (
					"$(SDKROOT)/Developer/Library/Frameworks",
					"$(inherited)",
					"$(DEVELOPER_FRAMEWORKS_DIR)",
				);
				GCC_PRECOMPILE_PREFIX_HEADER = YES;
				GCC_PREFIX_HEADER = "Crowdify/Crowdify-Prefix.pch";
				INFOPLIST_FILE = "CrowdifyTests/CrowdifyTests-Info.plist";
				PRODUCT_NAME = "$(TARGET_NAME)";
				TEST_HOST = "$(BUNDLE_LOADER)";
				WRAPPER_EXTENSION = xctest;
			};
			name = Release;
		};
/* End XCBuildConfiguration section */

/* Begin XCConfigurationList section */
		EBA944E41958EB0E00F8B254 /* Build configuration list for PBXProject "Crowdify" */ = {
			isa = XCConfigurationList;
			buildConfigurations = (
				EBA945191958EB0E00F8B254 /* Debug */,
				EBA9451A1958EB0E00F8B254 /* Release */,
			);
			defaultConfigurationIsVisible = 0;
			defaultConfigurationName = Release;
		};
		EBA9451B1958EB0E00F8B254 /* Build configuration list for PBXNativeTarget "Crowdify" */ = {
			isa = XCConfigurationList;
			buildConfigurations = (
				EBA9451C1958EB0E00F8B254 /* Debug */,
				EBA9451D1958EB0E00F8B254 /* Release */,
			);
			defaultConfigurationIsVisible = 0;
			defaultConfigurationName = Release;
		};
		EBA9451E1958EB0E00F8B254 /* Build configuration list for PBXNativeTarget "CrowdifyTests" */ = {
			isa = XCConfigurationList;
			buildConfigurations = (
				EBA9451F1958EB0E00F8B254 /* Debug */,
				EBA945201958EB0E00F8B254 /* Release */,
			);
			defaultConfigurationIsVisible = 0;
			defaultConfigurationName = Release;
		};
/* End XCConfigurationList section */
	};
	rootObject = EBA944E11958EB0E00F8B254 /* Project object */;
}
